
Microsoft Visual Studio Solution File, Format Version 12.00
# Visual Studio Version 17
VisualStudioVersion = 17.6.33815.320
MinimumVisualStudioVersion = 10.0.40219.1
Project("{FAE04EC0-301F-11D3-BF4B-00C04F79EFBC}") = "ScreenManagement", "ScreenManagement\ScreenManagement.csproj", "{A03C313E-0C6F-4EF0-9847-62DA538BCB65}"
EndProject
Global
	GlobalSection(SolutionConfigurationPlatforms) = preSolution
		Debug|Any CPU = Debug|Any CPU
		Release|Any CPU = Release|Any CPU
	EndGlobalSection
	GlobalSection(ProjectConfigurationPlatforms) = postSolution
		{A03C313E-0C6F-4EF0-9847-62DA538BCB65}.Debug|Any CPU.ActiveCfg = Debug|Any CPU
		{A03C313E-0C6F-4EF0-9847-62DA538BCB65}.Debug|Any CPU.Build.0 = Debug|Any CPU
		{A03C313E-0C6F-4EF0-9847-62DA538BCB65}.Release|Any CPU.ActiveCfg = Release|Any CPU
		{A03C313E-0C6F-4EF0-9847-62DA538BCB65}.Release|Any CPU.Build.0 = Release|Any CPU
	EndGlobalSection
	GlobalSection(SolutionProperties) = preSolution
		HideSolutionNode = FALSE
	EndGlobalSection
	GlobalSection(ExtensibilityGlobals) = postSolution
		SolutionGuid = {7591568A-2D78-4BD7-9BCE-30CB66D0BB87}
	EndGlobalSection
EndGlobal
